// !$*UTF8*$!
{
	archiveVersion = 1;
	classes = {
	};
	objectVersion = 46;
	objects = {

/* Begin PBXBuildFile section */
		135ECA551EA4CD8D003639BB /* main.swift in Sources */ = {isa = PBXBuildFile; fileRef = 135ECA541EA4CD8D003639BB /* main.swift */; };
		135ECA5C1EA4CEEC003639BB /* HeapSort.swift in Sources */ = {isa = PBXBuildFile; fileRef = 135ECA5B1EA4CEEC003639BB /* HeapSort.swift */; };
		13A913041EA5B5290037696E /* MergeSort.swift in Sources */ = {isa = PBXBuildFile; fileRef = 13A913031EA5B5290037696E /* MergeSort.swift */; };
		13A913061EA5BC6D0037696E /* BuildTree.swift in Sources */ = {isa = PBXBuildFile; fileRef = 13A913051EA5BC6D0037696E /* BuildTree.swift */; };
		13BE0C9C1EA8B8FF00FD0865 /* FibonacciSequence.swift in Sources */ = {isa = PBXBuildFile; fileRef = 13BE0C9B1EA8B8FF00FD0865 /* FibonacciSequence.swift */; };
		2B10D9B126FAD3A500F8400A /* QuickSort.swift in Sources */ = {isa = PBXBuildFile; fileRef = 2B10D9B026FAD3A500F8400A /* QuickSort.swift */; };
		2B10DA8726FB1F9300F8400A /* SelectSort.swift in Sources */ = {isa = PBXBuildFile; fileRef = 2B10DA8626FB1F9300F8400A /* SelectSort.swift */; };
		2B10DA8926FB280400F8400A /* BubbleSort.swift in Sources */ = {isa = PBXBuildFile; fileRef = 2B10DA8826FB280400F8400A /* BubbleSort.swift */; };
		2B11520826F58F5400A1DE1D /* InsertSort.swift in Sources */ = {isa = PBXBuildFile; fileRef = 2B11520726F58F5400A1DE1D /* InsertSort.swift */; };
/* End PBXBuildFile section */

/* Begin PBXCopyFilesBuildPhase section */
		135ECA4F1EA4CD8D003639BB /* CopyFiles */ = {
			isa = PBXCopyFilesBuildPhase;
			buildActionMask = 2147483647;
			dstPath = /usr/share/man/man1/;
			dstSubfolderSpec = 0;
			files = (
			);
			runOnlyForDeploymentPostprocessing = 1;
		};
/* End PBXCopyFilesBuildPhase section */

/* Begin PBXFileReference section */
		135ECA511EA4CD8D003639BB /* Heap */ = {isa = PBXFileReference; explicitFileType = "compiled.mach-o.executable"; includeInIndex = 0; path = Heap; sourceTree = BUILT_PRODUCTS_DIR; };
		135ECA541EA4CD8D003639BB /* main.swift */ = {isa = PBXFileReference; lastKnownFileType = sourcecode.swift; path = main.swift; sourceTree = "<group>"; };
		135ECA5B1EA4CEEC003639BB /* HeapSort.swift */ = {isa = PBXFileReference; fileEncoding = 4; lastKnownFileType = sourcecode.swift; path = HeapSort.swift; sourceTree = "<group>"; };
		13A913031EA5B5290037696E /* MergeSort.swift */ = {isa = PBXFileReference; fileEncoding = 4; lastKnownFileType = sourcecode.swift; path = MergeSort.swift; sourceTree = "<group>"; };
		13A913051EA5BC6D0037696E /* BuildTree.swift */ = {isa = PBXFileReference; fileEncoding = 4; lastKnownFileType = sourcecode.swift; path = BuildTree.swift; sourceTree = "<group>"; };
		13BE0C9B1EA8B8FF00FD0865 /* FibonacciSequence.swift */ = {isa = PBXFileReference; fileEncoding = 4; lastKnownFileType = sourcecode.swift; path = FibonacciSequence.swift; sourceTree = "<group>"; };
		2B10D9B026FAD3A500F8400A /* QuickSort.swift */ = {isa = PBXFileReference; lastKnownFileType = sourcecode.swift; path = QuickSort.swift; sourceTree = "<group>"; };
		2B10DA8626FB1F9300F8400A /* SelectSort.swift */ = {isa = PBXFileReference; lastKnownFileType = sourcecode.swift; path = SelectSort.swift; sourceTree = "<group>"; };
		2B10DA8826FB280400F8400A /* BubbleSort.swift */ = {isa = PBXFileReference; lastKnownFileType = sourcecode.swift; path = BubbleSort.swift; sourceTree = "<group>"; };
		2B11520726F58F5400A1DE1D /* InsertSort.swift */ = {isa = PBXFileReference; lastKnownFileType = sourcecode.swift; path = InsertSort.swift; sourceTree = "<group>"; };
/* End PBXFileReference section */

/* Begin PBXFrameworksBuildPhase section */
		135ECA4E1EA4CD8D003639BB /* Frameworks */ = {
			isa = PBXFrameworksBuildPhase;
			buildActionMask = 2147483647;
			files = (
			);
			runOnlyForDeploymentPostprocessing = 0;
		};
/* End PBXFrameworksBuildPhase section */

/* Begin PBXGroup section */
		135ECA481EA4CD8D003639BB = {
			isa = PBXGroup;
			children = (
				2B11520626F58F1F00A1DE1D /* Sort */,
				135ECA531EA4CD8D003639BB /* Heap */,
				135ECA521EA4CD8D003639BB /* Products */,
			);
			sourceTree = "<group>";
		};
		135ECA521EA4CD8D003639BB /* Products */ = {
			isa = PBXGroup;
			children = (
				135ECA511EA4CD8D003639BB /* Heap */,
			);
			name = Products;
			sourceTree = "<group>";
		};
		135ECA531EA4CD8D003639BB /* Heap */ = {
			isa = PBXGroup;
			children = (
				135ECA541EA4CD8D003639BB /* main.swift */,
				13A913051EA5BC6D0037696E /* BuildTree.swift */,
				13BE0C9B1EA8B8FF00FD0865 /* FibonacciSequence.swift */,
			);
			path = Heap;
			sourceTree = "<group>";
		};
		2B11520626F58F1F00A1DE1D /* Sort */ = {
			isa = PBXGroup;
			children = (
				13A913031EA5B5290037696E /* MergeSort.swift */,
				2B11520726F58F5400A1DE1D /* InsertSort.swift */,
				135ECA5B1EA4CEEC003639BB /* HeapSort.swift */,
				2B10D9B026FAD3A500F8400A /* QuickSort.swift */,
				2B10DA8626FB1F9300F8400A /* SelectSort.swift */,
				2B10DA8826FB280400F8400A /* BubbleSort.swift */,
			);
			path = Sort;
			sourceTree = "<group>";
		};
/* End PBXGroup section */

/* Begin PBXNativeTarget section */
		135ECA501EA4CD8D003639BB /* Heap */ = {
			isa = PBXNativeTarget;
			buildConfigurationList = 135ECA581EA4CD8D003639BB /* Build configuration list for PBXNativeTarget "Heap" */;
			buildPhases = (
				135ECA4D1EA4CD8D003639BB /* Sources */,
				135ECA4E1EA4CD8D003639BB /* Frameworks */,
				135ECA4F1EA4CD8D003639BB /* CopyFiles */,
			);
			buildRules = (
			);
			dependencies = (
			);
			name = Heap;
			productName = Heap;
			productReference = 135ECA511EA4CD8D003639BB /* Heap */;
			productType = "com.apple.product-type.tool";
		};
/* End PBXNativeTarget section */

/* Begin PBXProject section */
		135ECA491EA4CD8D003639BB /* Project object */ = {
			isa = PBXProject;
			attributes = {
				LastSwiftUpdateCheck = 0830;
				LastUpgradeCheck = 0830;
				ORGANIZATIONNAME = YaoZhiKun;
				TargetAttributes = {
					135ECA501EA4CD8D003639BB = {
						CreatedOnToolsVersion = 8.3;
						ProvisioningStyle = Automatic;
					};
				};
			};
			buildConfigurationList = 135ECA4C1EA4CD8D003639BB /* Build configuration list for PBXProject "Heap" */;
			compatibilityVersion = "Xcode 3.2";
			developmentRegion = English;
			hasScannedForEncodings = 0;
			knownRegions = (
				English,
				en,
			);
			mainGroup = 135ECA481EA4CD8D003639BB;
			productRefGroup = 135ECA521EA4CD8D003639BB /* Products */;
			projectDirPath = "";
			projectRoot = "";
			targets = (
				135ECA501EA4CD8D003639BB /* Heap */,
			);
		};
/* End PBXProject section */

/* Begin PBXSourcesBuildPhase section */
		135ECA4D1EA4CD8D003639BB /* Sources */ = {
			isa = PBXSourcesBuildPhase;
			buildActionMask = 2147483647;
			files = (
				13BE0C9C1EA8B8FF00FD0865 /* FibonacciSequence.swift in Sources */,
				13A913041EA5B5290037696E /* MergeSort.swift in Sources */,
				2B11520826F58F5400A1DE1D /* InsertSort.swift in Sources */,
				2B10DA8726FB1F9300F8400A /* SelectSort.swift in Sources */,
				135ECA551EA4CD8D003639BB /* main.swift in Sources */,
				13A913061EA5BC6D0037696E /* BuildTree.swift in Sources */,
				135ECA5C1EA4CEEC003639BB /* HeapSort.swift in Sources */,
				2B10D9B126FAD3A500F8400A /* QuickSort.swift in Sources */,
				2B10DA8926FB280400F8400A /* BubbleSort.swift in Sources */,
			);
			runOnlyForDeploymentPostprocessing = 0;
		};
/* End PBXSourcesBuildPhase section */

/* Begin XCBuildConfiguration section */
		135ECA561EA4CD8D003639BB /* Debug */ = {
			isa = XCBuildConfiguration;
			buildSettings = {
				ALWAYS_SEARCH_USER_PATHS = NO;
				CLANG_ANALYZER_NONNULL = YES;
				CLANG_ANALYZER_NUMBER_OBJECT_CONVERSION = YES_AGGRESSIVE;
				CLANG_CXX_LANGUAGE_STANDARD = "gnu++0x";
				CLANG_CXX_LIBRARY = "libc++";
				CLANG_ENABLE_MODULES = YES;
				CLANG_ENABLE_OBJC_ARC = YES;
				CLANG_WARN_BOOL_CONVERSION = YES;
				CLANG_WARN_CONSTANT_CONVERSION = YES;
				CLANG_WARN_DIRECT_OBJC_ISA_USAGE = YES_ERROR;
				CLANG_WARN_DOCUMENTATION_COMMENTS = YES;
				CLANG_WARN_EMPTY_BODY = YES;
				CLANG_WARN_ENUM_CONVERSION = YES;
				CLANG_WARN_INFINITE_RECURSION = YES;
				CLANG_WARN_INT_CONVERSION = YES;
				CLANG_WARN_OBJC_ROOT_CLASS = YES_ERROR;
				CLANG_WARN_SUSPICIOUS_MOVE = YES;
				CLANG_WARN_UNREACHABLE_CODE = YES;
				CLANG_WARN__DUPLICATE_METHOD_MATCH = YES;
				CODE_SIGN_IDENTITY = "-";
				COPY_PHASE_STRIP = NO;
				DEBUG_INFORMATION_FORMAT = dwarf;
				ENABLE_STRICT_OBJC_MSGSEND = YES;
				ENABLE_TESTABILITY = YES;
				GCC_C_LANGUAGE_STANDARD = gnu99;
				GCC_DYNAMIC_NO_PIC = NO;
				GCC_NO_COMMON_BLOCKS = YES;
				GCC_OPTIMIZATION_LEVEL = 0;
				GCC_PREPROCESSOR_DEFINITIONS = (
					"DEBUG=1",
					"$(inherited)",
				);
				GCC_WARN_64_TO_32_BIT_CONVERSION = YES;
				GCC_WARN_ABOUT_RETURN_TYPE = YES_ERROR;
				GCC_WARN_UNDECLARED_SELECTOR = YES;
				GCC_WARN_UNINITIALIZED_AUTOS = YES_AGGRESSIVE;
				GCC_WARN_UNUSED_FUNCTION = YES;
				GCC_WARN_UNUSED_VARIABLE = YES;
				MACOSX_DEPLOYMENT_TARGET = 10.12;
				MTL_ENABLE_DEBUG_INFO = YES;
				ONLY_ACTIVE_ARCH = YES;
				SDKROOT = macosx;
				SWIFT_OPTIMIZATION_LEVEL = "-Onone";
			};
			name = Debug;
		};
		135ECA571EA4CD8D003639BB /* Release */ = {
			isa = XCBuildConfiguration;
			buildSettings = {
				ALWAYS_SEARCH_USER_PATHS = NO;
				CLANG_ANALYZER_NONNULL = YES;
				CLANG_ANALYZER_NUMBER_OBJECT_CONVERSION = YES_AGGRESSIVE;
				CLANG_CXX_LANGUAGE_STANDARD = "gnu++0x";
				CLANG_CXX_LIBRARY = "libc++";
				CLANG_ENABLE_MODULES = YES;
				CLANG_ENABLE_OBJC_ARC = YES;
				CLANG_WARN_BOOL_CONVERSION = YES;
				CLANG_WARN_CONSTANT_CONVERSION = YES;
				CLANG_WARN_DIRECT_OBJC_ISA_USAGE = YES_ERROR;
				CLANG_WARN_DOCUMENTATION_COMMENTS = YES;
				CLANG_WARN_EMPTY_BODY = YES;
				CLANG_WARN_ENUM_CONVERSION = YES;
				CLANG_WARN_INFINITE_RECURSION = YES;
				CLANG_WARN_INT_CONVERSION = YES;
				CLANG_WARN_OBJC_ROOT_CLASS = YES_ERROR;
				CLANG_WARN_SUSPICIOUS_MOVE = YES;
				CLANG_WARN_UNREACHABLE_CODE = YES;
				CLANG_WARN__DUPLICATE_METHOD_MATCH = YES;
				CODE_SIGN_IDENTITY = "-";
				COPY_PHASE_STRIP = NO;
				DEBUG_INFORMATION_FORMAT = "dwarf-with-dsym";
				ENABLE_NS_ASSERTIONS = NO;
				ENABLE_STRICT_OBJC_MSGSEND = YES;
				GCC_C_LANGUAGE_STANDARD = gnu99;
				GCC_NO_COMMON_BLOCKS = YES;
				GCC_WARN_64_TO_32_BIT_CONVERSION = YES;
				GCC_WARN_ABOUT_RETURN_TYPE = YES_ERROR;
				GCC_WARN_UNDECLARED_SELECTOR = YES;
				GCC_WARN_UNINITIALIZED_AUTOS = YES_AGGRESSIVE;
				GCC_WARN_UNUSED_FUNCTION = YES;
				GCC_WARN_UNUSED_VARIABLE = YES;
				MACOSX_DEPLOYMENT_TARGET = 10.12;
				MTL_ENABLE_DEBUG_INFO = NO;
				SDKROOT = macosx;
			};
			name = Release;
		};
		135ECA591EA4CD8D003639BB /* Debug */ = {
			isa = XCBuildConfiguration;
			buildSettings = {
				PRODUCT_NAME = "$(TARGET_NAME)";
				SWIFT_VERSION = 5.0;
			};
			name = Debug;
		};
		135ECA5A1EA4CD8D003639BB /* Release */ = {
			isa = XCBuildConfiguration;
			buildSettings = {
				PRODUCT_NAME = "$(TARGET_NAME)";
				SWIFT_VERSION = 5.0;
			};
			name = Release;
		};
/* End XCBuildConfiguration section */

/* Begin XCConfigurationList section */
		135ECA4C1EA4CD8D003639BB /* Build configuration list for PBXProject "Heap" */ = {
			isa = XCConfigurationList;
			buildConfigurations = (
				135ECA561EA4CD8D003639BB /* Debug */,
				135ECA571EA4CD8D003639BB /* Release */,
			);
			defaultConfigurationIsVisible = 0;
			defaultConfigurationName = Release;
		};
		135ECA581EA4CD8D003639BB /* Build configuration list for PBXNativeTarget "Heap" */ = {
			isa = XCConfigurationList;
			buildConfigurations = (
				135ECA591EA4CD8D003639BB /* Debug */,
				135ECA5A1EA4CD8D003639BB /* Release */,
			);
			defaultConfigurationIsVisible = 0;
			defaultConfigurationName = Release;
		};
/* End XCConfigurationList section */
	};
	rootObject = 135ECA491EA4CD8D003639BB /* Project object */;
}
